<?xml version="1.0" encoding="utf-8"?>
<Project ToolsVersion="4.0" xmlns="http://schemas.microsoft.com/developer/msbuild/2003">
  <ItemGroup>
    <ClInclude Include="Standard.h" />
    <ClInclude Include="component\events\events.h">
      <Filter>component\events</Filter>
    </ClInclude>
    <ClInclude Include="component\physics\GLDebugDrawer.h">
      <Filter>component\physics</Filter>
    </ClInclude>
    <ClInclude Include="component\physics\physics.h">
      <Filter>component\physics</Filter>
    </ClInclude>
    <ClInclude Include="component\rendering\SELib\SECompData.h">
      <Filter>component\rendering\SELib</Filter>
    </ClInclude>
    <ClInclude Include="component\rendering\SELib\SELib.h">
      <Filter>component\rendering\SELib</Filter>
    </ClInclude>
    <ClInclude Include="component\rendering\SELib\SELinearMath.h">
      <Filter>component\rendering\SELib</Filter>
    </ClInclude>
    <ClInclude Include="component\rendering\SELib\SEMatrix.h">
      <Filter>component\rendering\SELib</Filter>
    </ClInclude>
    <ClInclude Include="component\rendering\SELib\SEMesh.h">
      <Filter>component\rendering\SELib</Filter>
    </ClInclude>
    <ClInclude Include="component\rendering\SELib\SEQuaternion.h">
      <Filter>component\rendering\SELib</Filter>
    </ClInclude>
    <ClInclude Include="component\rendering\SELib\SEStdDataTypes.h">
      <Filter>component\rendering\SELib</Filter>
    </ClInclude>
    <ClInclude Include="component\rendering\SELib\SEStdMath.h">
      <Filter>component\rendering\SELib</Filter>
    </ClInclude>
    <ClInclude Include="component\rendering\SELib\SEStdMemory.h">
      <Filter>component\rendering\SELib</Filter>
    </ClInclude>
    <ClInclude Include="component\rendering\SELib\SETimer.h">
      <Filter>component\rendering\SELib</Filter>
    </ClInclude>
    <ClInclude Include="component\rendering\SELib\SEVector.h">
      <Filter>component\rendering\SELib</Filter>
    </ClInclude>
    <ClInclude Include="component\rendering\ShaderStructs.h">
      <Filter>component\rendering\shaders</Filter>
    </ClInclude>
    <ClInclude Include="component\rendering\glhelpers.h">
      <Filter>component\rendering\opengl</Filter>
    </ClInclude>
    <ClInclude Include="component\rendering\rendering.h">
      <Filter>component\rendering</Filter>
    </ClInclude>
    <ClInclude Include="component\state\state.h">
      <Filter>component\state</Filter>
    </ClInclude>
    <ClInclude Include="component\input\input.h">
      <Filter>component\input</Filter>
    </ClInclude>
    <ClInclude Include="component\entities\entities.h">
      <Filter>component\entities</Filter>
    </ClInclude>
    <ClInclude Include="component\rendering\Outsource\lodepng.h">
      <Filter>component\rendering\lodepng</Filter>
    </ClInclude>
    <ClInclude Include="component\gameai\gameai.h">
      <Filter>component\gameai</Filter>
    </ClInclude>
    <ClInclude Include="component\audio\audio.h">
      <Filter>component\audio</Filter>
	</ClInclude>
    <ClInclude Include="component\gameai\graph\DistPair.h">
      <Filter>component\gameai\graph</Filter>
    </ClInclude>
    <ClInclude Include="component\gameai\graph\Graph.h">
      <Filter>component\gameai\graph</Filter>
    </ClInclude>
    <ClInclude Include="component\gameai\graph\Node.h">
      <Filter>component\gameai\graph</Filter>
    </ClInclude>
    <ClInclude Include="component\gameai\util\Position.h">
      <Filter>component\gameai\util</Filter>
    </ClInclude>
    <ClInclude Include="component\gameai\GameLogic.h">
      <Filter>component\gameai</Filter>
    </ClInclude>
  </ItemGroup>
  <ItemGroup>
    <ClCompile Include="main.cpp" />
    <ClCompile Include="Standard.cpp" />
    <ClCompile Include="component\events\events.cpp">
      <Filter>component\events</Filter>
    </ClCompile>
    <ClCompile Include="component\physics\GLDebugDrawer.cpp">
      <Filter>component\physics</Filter>
    </ClCompile>
    <ClCompile Include="component\physics\physics.cpp">
      <Filter>component\physics</Filter>
    </ClCompile>
    <ClCompile Include="component\rendering\SELib\SEMatrix.cpp">
      <Filter>component\rendering\SELib</Filter>
    </ClCompile>
    <ClCompile Include="component\rendering\SELib\SEMesh.cpp">
      <Filter>component\rendering\SELib</Filter>
    </ClCompile>
    <ClCompile Include="component\rendering\SELib\SEQuaternion.cpp">
      <Filter>component\rendering\SELib</Filter>
    </ClCompile>
    <ClCompile Include="component\rendering\SELib\SEStdMath.cpp">
      <Filter>component\rendering\SELib</Filter>
    </ClCompile>
    <ClCompile Include="component\rendering\SELib\SETimer.cpp">
      <Filter>component\rendering\SELib</Filter>
    </ClCompile>
    <ClCompile Include="component\rendering\SELib\SEVector.cpp">
      <Filter>component\rendering\SELib</Filter>
    </ClCompile>
    <ClCompile Include="component\rendering\glhelpers.cpp">
      <Filter>component\rendering\opengl</Filter>
    </ClCompile>
    <ClCompile Include="component\rendering\rendering.cpp">
      <Filter>component\rendering</Filter>
    </ClCompile>
    <ClCompile Include="component\state\state.cpp">
      <Filter>component\state</Filter>
    </ClCompile>
    <ClCompile Include="component\input\input.cpp">
      <Filter>component\input</Filter>
    </ClCompile>
    <ClCompile Include="component\entities\entities.cpp">
      <Filter>component\entities</Filter>
    </ClCompile>
    <ClCompile Include="component\rendering\Outsource\lodepng.cpp">
      <Filter>component\rendering\lodepng</Filter>
    </ClCompile>
    <ClCompile Include="component\gameai\gameai.cpp">
      <Filter>component\gameai</Filter>
    </ClCompile>
    <ClCompile Include="component\audio\audio.cpp">
      <Filter>component\audio</Filter>
	</ClCompile>
    <ClCompile Include="component\gameai\GameLogic.cpp">
      <Filter>component\gameai</Filter>
    </ClCompile>
  </ItemGroup>
  <ItemGroup>
    <Filter Include="component">
      <UniqueIdentifier>{d6671230-0398-4b29-8bfc-599457c28741}</UniqueIdentifier>
    </Filter>
    <Filter Include="component\events">
      <UniqueIdentifier>{246a45d2-7e65-4e00-80a9-98a5efc54204}</UniqueIdentifier>
    </Filter>
    <Filter Include="component\physics">
      <UniqueIdentifier>{eedbed08-86b2-433f-ac76-ea879be98b4f}</UniqueIdentifier>
    </Filter>
    <Filter Include="component\rendering">
      <UniqueIdentifier>{8417e7e4-5c03-40b9-929a-db809b3af163}</UniqueIdentifier>
    </Filter>
    <Filter Include="component\rendering\SELib">
      <UniqueIdentifier>{7d0c73a9-fcb7-4d9a-bcc8-817f630eb36e}</UniqueIdentifier>
    </Filter>
    <Filter Include="component\rendering\shaders">
      <UniqueIdentifier>{5ac8be01-82cd-4598-8327-785b923af1ce}</UniqueIdentifier>
    </Filter>
    <Filter Include="component\rendering\opengl">
      <UniqueIdentifier>{cf5d07dd-948b-438e-953f-818acc6a34e4}</UniqueIdentifier>
    </Filter>
    <Filter Include="component\state">
      <UniqueIdentifier>{0f0f9d34-8db7-4ea4-8596-dc5cec81926d}</UniqueIdentifier>
    </Filter>
    <Filter Include="component\input">
      <UniqueIdentifier>{1a452350-b85b-49ea-80fb-c3eca13ab3f3}</UniqueIdentifier>
    </Filter>
    <Filter Include="component\entities">
      <UniqueIdentifier>{3d21884c-6068-44e2-b858-e2d4693a1e57}</UniqueIdentifier>
    </Filter>
    <Filter Include="component\rendering\lodepng">
      <UniqueIdentifier>{2206909d-72ab-4bf0-a1a7-57bc9ff4e757}</UniqueIdentifier>
    </Filter>
    <Filter Include="component\gameai">
      <UniqueIdentifier>{a2dc28fc-638f-4e23-aa27-ffe520eb6892}</UniqueIdentifier>
    </Filter>
    <Filter Include="component\audio">
      <UniqueIdentifier>{f5d0a495-60a6-4d83-bb09-161217ba4fef}</UniqueIdentifier>
	</Filter>
    <Filter Include="component\gameai\graph">
      <UniqueIdentifier>{a7708a17-7d17-416d-bf1a-b645c91d777e}</UniqueIdentifier>
    </Filter>
    <Filter Include="component\gameai\util">
      <UniqueIdentifier>{99ed12cb-8790-4db4-847d-753306636852}</UniqueIdentifier>
    </Filter>
  </ItemGroup>
  <ItemGroup>
    <None Include="component\rendering\PShader.glsl">
      <Filter>component\rendering\shaders</Filter>
    </None>
    <None Include="component\rendering\ShaderStructs.glsl">
      <Filter>component\rendering\shaders</Filter>
    </None>
    <None Include="component\rendering\VShader.glsl">
      <Filter>component\rendering\shaders</Filter>
    </None>
  </ItemGroup>
</Project>